PODS:
  - Alamofire (4.9.0)
  - DropDown (2.3.13)
  - KeychainSwift (17.0.0)
  - Localize-Swift (3.0.0)
  - Moya (13.0.1):
    - Moya/Core (= 13.0.1)
  - Moya/Core (13.0.1):
    - Alamofire (~> 4.1)
    - Result (~> 4.1)
  - NVActivityIndicatorView (4.8.0):
    - NVActivityIndicatorView/Presenter (= 4.8.0)
  - NVActivityIndicatorView/Presenter (4.8.0)
  - Result (4.1.0)
  - RxCocoa (5.0.0):
    - RxRelay (~> 5)
    - RxSwift (~> 5)
  - RxKeyboard (1.0.0):
    - RxCocoa (~> 5.0)
    - RxSwift (~> 5.0)
  - RxRelay (5.0.0):
    - RxSwift (~> 5)
  - RxSwift (5.0.0)
  - Toast-Swift (5.0.0)
  - Validator (3.2.1)
  - XCoordinator (2.0.3):
    - XCoordinator/Core (= 2.0.3)
  - XCoordinator/Core (2.0.3)

DEPENDENCIES:
  - DropDown
  - KeychainSwift
  - Localize-Swift
  - Moya
  - NVActivityIndicatorView
  - RxCocoa
  - RxKeyboard
  - RxSwift
  - Toast-Swift (~> 5.0.0)
  - Validator
  - XCoordinator

SPEC REPOS:
  trunk:
    - Alamofire
    - DropDown
    - KeychainSwift
    - Localize-Swift
    - Moya
    - NVActivityIndicatorView
    - Result
    - RxCocoa
    - RxKeyboard
    - RxRelay
    - RxSwift
    - Toast-Swift
    - Validator
    - XCoordinator

SPEC CHECKSUMS:
  Alamofire: afc3e7c6db61476cb45cdd23fed06bad03bbc321
  DropDown: 8a2116376c1981888557f72ec2ffc9a5e0e456ec
  KeychainSwift: 9f43f562dffc88af6efadb57d74b14c598eb337f
  Localize-Swift: 1363ec008c6972dced79a80ac72c71d14e98db44
  Moya: f4a4b80ff2f8a4ffc208dfb31cd91636622fee6e
  NVActivityIndicatorView: d24b7ebcf80af5dcd994adb650e2b6c93379270f
  Result: bd966fac789cc6c1563440b348ab2598cc24d5c7
  RxCocoa: fcf32050ac00d801f34a7f71d5e8e7f23026dcd8
  RxKeyboard: 6683c4344304a00f943c158bd8a43ce5469c82a7
  RxRelay: 4f7409406a51a55cd88483f21ed898c234d60f18
  RxSwift: 8b0671caa829a763bbce7271095859121cbd895f
  Toast-Swift: 36f4720243c8582c2be243a60a51e193c761f541
  Validator: 80a6f567220c962dfd2d9928ae98a8c1d164f6f4
  XCoordinator: 5ad39737e6fa8e8f09a8174b16976ccda5ede541

PODFILE CHECKSUM: 70e54d7501a000d79c59d76a9a6fa656bcc4aa84

COCOAPODS: 1.8.0.beta.1
